<?xml version="1.0" encoding="UTF-8"?>
<!DOCTYPE plist PUBLIC "-//Apple//DTD PLIST 1.0//EN" "http://www.apple.com/DTDs/PropertyList-1.0.dtd">
<plist version="1.0">
<dict>
	<key>archiveVersion</key>
	<string>1</string>
	<key>classes</key>
	<dict/>
	<key>objectVersion</key>
	<string>46</string>
	<key>objects</key>
	<dict>
		<key>2A40C360F48E4880AA35BD47</key>
		<dict>
			<key>explicitFileType</key>
			<string>archive.ar</string>
			<key>includeInIndex</key>
			<string>0</string>
			<key>isa</key>
			<string>PBXFileReference</string>
			<key>path</key>
			<string>libPods.a</string>
			<key>sourceTree</key>
			<string>BUILT_PRODUCTS_DIR</string>
		</dict>
		<key>34B4C7BDD8884479A40BE04A</key>
		<dict>
			<key>fileRef</key>
			<string>2A40C360F48E4880AA35BD47</string>
			<key>isa</key>
			<string>PBXBuildFile</string>
		</dict>
		<key>5291791FB10A4CA5AFA8C785</key>
		<dict>
			<key>includeInIndex</key>
			<string>1</string>
			<key>isa</key>
			<string>PBXFileReference</string>
			<key>lastKnownFileType</key>
			<string>text.xcconfig</string>
			<key>name</key>
			<string>Pods.xcconfig</string>
			<key>path</key>
			<string>Pods/Pods.xcconfig</string>
			<key>sourceTree</key>
			<string>&lt;group&gt;</string>
		</dict>
		<key>6E24E07C193AC70700543970</key>
		<dict>
			<key>children</key>
			<array>
				<string>6E24E08E193AC70700543970</string>
				<string>6E24E0A7193AC70700543970</string>
				<string>6E24E087193AC70700543970</string>
				<string>6E24E086193AC70700543970</string>
				<string>5291791FB10A4CA5AFA8C785</string>
			</array>
			<key>isa</key>
			<string>PBXGroup</string>
			<key>sourceTree</key>
			<string>&lt;group&gt;</string>
		</dict>
		<key>6E24E07D193AC70700543970</key>
		<dict>
			<key>attributes</key>
			<dict>
				<key>CLASSPREFIX</key>
				<string>LY</string>
				<key>LastUpgradeCheck</key>
				<string>0510</string>
				<key>ORGANIZATIONNAME</key>
				<string>Flaneur</string>
				<key>TargetAttributes</key>
				<dict>
					<key>6E24E09F193AC70700543970</key>
					<dict>
						<key>TestTargetID</key>
						<string>6E24E084193AC70700543970</string>
					</dict>
				</dict>
			</dict>
			<key>buildConfigurationList</key>
			<string>6E24E080193AC70700543970</string>
			<key>compatibilityVersion</key>
			<string>Xcode 3.2</string>
			<key>developmentRegion</key>
			<string>English</string>
			<key>hasScannedForEncodings</key>
			<string>0</string>
			<key>isa</key>
			<string>PBXProject</string>
			<key>knownRegions</key>
			<array>
				<string>en</string>
			</array>
			<key>mainGroup</key>
			<string>6E24E07C193AC70700543970</string>
			<key>productRefGroup</key>
			<string>6E24E086193AC70700543970</string>
			<key>projectDirPath</key>
			<string></string>
			<key>projectReferences</key>
			<array/>
			<key>projectRoot</key>
			<string></string>
			<key>targets</key>
			<array>
				<string>6E24E084193AC70700543970</string>
				<string>6E24E09F193AC70700543970</string>
			</array>
		</dict>
		<key>6E24E080193AC70700543970</key>
		<dict>
			<key>buildConfigurations</key>
			<array>
				<string>6E24E0AF193AC70800543970</string>
				<string>6E24E0B0193AC70800543970</string>
			</array>
			<key>defaultConfigurationIsVisible</key>
			<string>0</string>
			<key>defaultConfigurationName</key>
			<string>Release</string>
			<key>isa</key>
			<string>XCConfigurationList</string>
		</dict>
		<key>6E24E081193AC70700543970</key>
		<dict>
			<key>buildActionMask</key>
			<string>2147483647</string>
			<key>files</key>
			<array>
				<string>6EB70B8F1940927E00C3A7D7</string>
				<string>6E24E095193AC70700543970</string>
				<string>6E24E099193AC70700543970</string>
				<string>6EF57E44193C7028003E89DC</string>
				<string>6E24E0BF193AC89900543970</string>
				<string>6E8322B719430E14006730F8</string>
				<string>6E621FF81941BD3300C58695</string>
				<string>6E24E0C2193ACC8700543970</string>
			</array>
			<key>isa</key>
			<string>PBXSourcesBuildPhase</string>
			<key>runOnlyForDeploymentPostprocessing</key>
			<string>0</string>
		</dict>
		<key>6E24E082193AC70700543970</key>
		<dict>
			<key>buildActionMask</key>
			<string>2147483647</string>
			<key>files</key>
			<array>
				<string>6E24E08B193AC70700543970</string>
				<string>6E24E08D193AC70700543970</string>
				<string>6E24E089193AC70700543970</string>
				<string>34B4C7BDD8884479A40BE04A</string>
			</array>
			<key>isa</key>
			<string>PBXFrameworksBuildPhase</string>
			<key>runOnlyForDeploymentPostprocessing</key>
			<string>0</string>
		</dict>
		<key>6E24E083193AC70700543970</key>
		<dict>
			<key>buildActionMask</key>
			<string>2147483647</string>
			<key>files</key>
			<array>
				<string>6EB70B981941B9BF00C3A7D7</string>
				<string>6E642AAE193B83020055A293</string>
				<string>6E24E093193AC70700543970</string>
				<string>6E621FF91941BD3300C58695</string>
				<string>6EB70B991941B9BF00C3A7D7</string>
				<string>6E24E09B193AC70700543970</string>
			</array>
			<key>isa</key>
			<string>PBXResourcesBuildPhase</string>
			<key>runOnlyForDeploymentPostprocessing</key>
			<string>0</string>
		</dict>
		<key>6E24E084193AC70700543970</key>
		<dict>
			<key>buildConfigurationList</key>
			<string>6E24E0B1193AC70800543970</string>
			<key>buildPhases</key>
			<array>
				<string>E37A93F4E989408FA6B727ED</string>
				<string>6E24E081193AC70700543970</string>
				<string>6E24E082193AC70700543970</string>
				<string>6E24E083193AC70700543970</string>
				<string>901C049A14C7452DB3009FFA</string>
			</array>
			<key>buildRules</key>
			<array/>
			<key>dependencies</key>
			<array/>
			<key>isa</key>
			<string>PBXNativeTarget</string>
			<key>name</key>
			<string>Shopping List</string>
			<key>productName</key>
			<string>Shopping List</string>
			<key>productReference</key>
			<string>6E24E085193AC70700543970</string>
			<key>productType</key>
			<string>com.apple.product-type.application</string>
		</dict>
		<key>6E24E085193AC70700543970</key>
		<dict>
			<key>explicitFileType</key>
			<string>wrapper.application</string>
			<key>includeInIndex</key>
			<string>0</string>
			<key>isa</key>
			<string>PBXFileReference</string>
			<key>path</key>
			<string>Shopping List.app</string>
			<key>sourceTree</key>
			<string>BUILT_PRODUCTS_DIR</string>
		</dict>
		<key>6E24E086193AC70700543970</key>
		<dict>
			<key>children</key>
			<array>
				<string>6E24E085193AC70700543970</string>
				<string>6E24E0A0193AC70700543970</string>
			</array>
			<key>isa</key>
			<string>PBXGroup</string>
			<key>name</key>
			<string>Products</string>
			<key>sourceTree</key>
			<string>&lt;group&gt;</string>
		</dict>
		<key>6E24E087193AC70700543970</key>
		<dict>
			<key>children</key>
			<array>
				<string>6E24E088193AC70700543970</string>
				<string>6E24E08A193AC70700543970</string>
				<string>6E24E08C193AC70700543970</string>
				<string>6E24E0A1193AC70700543970</string>
				<string>2A40C360F48E4880AA35BD47</string>
			</array>
			<key>isa</key>
			<string>PBXGroup</string>
			<key>name</key>
			<string>Frameworks</string>
			<key>sourceTree</key>
			<string>&lt;group&gt;</string>
		</dict>
		<key>6E24E088193AC70700543970</key>
		<dict>
			<key>isa</key>
			<string>PBXFileReference</string>
			<key>lastKnownFileType</key>
			<string>wrapper.framework</string>
			<key>name</key>
			<string>Foundation.framework</string>
			<key>path</key>
			<string>System/Library/Frameworks/Foundation.framework</string>
			<key>sourceTree</key>
			<string>SDKROOT</string>
		</dict>
		<key>6E24E089193AC70700543970</key>
		<dict>
			<key>fileRef</key>
			<string>6E24E088193AC70700543970</string>
			<key>isa</key>
			<string>PBXBuildFile</string>
		</dict>
		<key>6E24E08A193AC70700543970</key>
		<dict>
			<key>isa</key>
			<string>PBXFileReference</string>
			<key>lastKnownFileType</key>
			<string>wrapper.framework</string>
			<key>name</key>
			<string>CoreGraphics.framework</string>
			<key>path</key>
			<string>System/Library/Frameworks/CoreGraphics.framework</string>
			<key>sourceTree</key>
			<string>SDKROOT</string>
		</dict>
		<key>6E24E08B193AC70700543970</key>
		<dict>
			<key>fileRef</key>
			<string>6E24E08A193AC70700543970</string>
			<key>isa</key>
			<string>PBXBuildFile</string>
		</dict>
		<key>6E24E08C193AC70700543970</key>
		<dict>
			<key>isa</key>
			<string>PBXFileReference</string>
			<key>lastKnownFileType</key>
			<string>wrapper.framework</string>
			<key>name</key>
			<string>UIKit.framework</string>
			<key>path</key>
			<string>System/Library/Frameworks/UIKit.framework</string>
			<key>sourceTree</key>
			<string>SDKROOT</string>
		</dict>
		<key>6E24E08D193AC70700543970</key>
		<dict>
			<key>fileRef</key>
			<string>6E24E08C193AC70700543970</string>
			<key>isa</key>
			<string>PBXBuildFile</string>
		</dict>
		<key>6E24E08E193AC70700543970</key>
		<dict>
			<key>children</key>
			<array>
				<string>6E8322B819430E1E006730F8</string>
				<string>6E24E0C3193ACC8B00543970</string>
				<string>6E24E0BC193AC7CA00543970</string>
				<string>6EB70B9A1941B9C500C3A7D7</string>
				<string>6E621FF71941BD3300C58695</string>
				<string>6E24E097193AC70700543970</string>
				<string>6E24E098193AC70700543970</string>
				<string>6E24E09A193AC70700543970</string>
				<string>6E642AAD193B83020055A293</string>
				<string>6E24E08F193AC70700543970</string>
			</array>
			<key>isa</key>
			<string>PBXGroup</string>
			<key>path</key>
			<string>Shopping List</string>
			<key>sourceTree</key>
			<string>&lt;group&gt;</string>
		</dict>
		<key>6E24E08F193AC70700543970</key>
		<dict>
			<key>children</key>
			<array>
				<string>6E24E090193AC70700543970</string>
				<string>6E24E091193AC70700543970</string>
				<string>6E24E094193AC70700543970</string>
				<string>6E24E096193AC70700543970</string>
			</array>
			<key>isa</key>
			<string>PBXGroup</string>
			<key>name</key>
			<string>Supporting Files</string>
			<key>sourceTree</key>
			<string>&lt;group&gt;</string>
		</dict>
		<key>6E24E090193AC70700543970</key>
		<dict>
			<key>isa</key>
			<string>PBXFileReference</string>
			<key>lastKnownFileType</key>
			<string>text.plist.xml</string>
			<key>path</key>
			<string>Shopping List-Info.plist</string>
			<key>sourceTree</key>
			<string>&lt;group&gt;</string>
		</dict>
		<key>6E24E091193AC70700543970</key>
		<dict>
			<key>children</key>
			<array>
				<string>6E24E092193AC70700543970</string>
			</array>
			<key>isa</key>
			<string>PBXVariantGroup</string>
			<key>name</key>
			<string>InfoPlist.strings</string>
			<key>sourceTree</key>
			<string>&lt;group&gt;</string>
		</dict>
		<key>6E24E092193AC70700543970</key>
		<dict>
			<key>isa</key>
			<string>PBXFileReference</string>
			<key>lastKnownFileType</key>
			<string>text.plist.strings</string>
			<key>name</key>
			<string>en</string>
			<key>path</key>
			<string>en.lproj/InfoPlist.strings</string>
			<key>sourceTree</key>
			<string>&lt;group&gt;</string>
		</dict>
		<key>6E24E093193AC70700543970</key>
		<dict>
			<key>fileRef</key>
			<string>6E24E091193AC70700543970</string>
			<key>isa</key>
			<string>PBXBuildFile</string>
		</dict>
		<key>6E24E094193AC70700543970</key>
		<dict>
			<key>isa</key>
			<string>PBXFileReference</string>
			<key>lastKnownFileType</key>
			<string>sourcecode.c.objc</string>
			<key>path</key>
			<string>main.m</string>
			<key>sourceTree</key>
			<string>&lt;group&gt;</string>
		</dict>
		<key>6E24E095193AC70700543970</key>
		<dict>
			<key>fileRef</key>
			<string>6E24E094193AC70700543970</string>
			<key>isa</key>
			<string>PBXBuildFile</string>
		</dict>
		<key>6E24E096193AC70700543970</key>
		<dict>
			<key>isa</key>
			<string>PBXFileReference</string>
			<key>lastKnownFileType</key>
			<string>sourcecode.c.h</string>
			<key>path</key>
			<string>Shopping List-Prefix.pch</string>
			<key>sourceTree</key>
			<string>&lt;group&gt;</string>
		</dict>
		<key>6E24E097193AC70700543970</key>
		<dict>
			<key>isa</key>
			<string>PBXFileReference</string>
			<key>lastKnownFileType</key>
			<string>sourcecode.c.h</string>
			<key>path</key>
			<string>LYAppDelegate.h</string>
			<key>sourceTree</key>
			<string>&lt;group&gt;</string>
		</dict>
		<key>6E24E098193AC70700543970</key>
		<dict>
			<key>isa</key>
			<string>PBXFileReference</string>
			<key>lastKnownFileType</key>
			<string>sourcecode.c.objc</string>
			<key>path</key>
			<string>LYAppDelegate.m</string>
			<key>sourceTree</key>
			<string>&lt;group&gt;</string>
		</dict>
		<key>6E24E099193AC70700543970</key>
		<dict>
			<key>fileRef</key>
			<string>6E24E098193AC70700543970</string>
			<key>isa</key>
			<string>PBXBuildFile</string>
		</dict>
		<key>6E24E09A193AC70700543970</key>
		<dict>
			<key>isa</key>
			<string>PBXFileReference</string>
			<key>lastKnownFileType</key>
			<string>folder.assetcatalog</string>
			<key>path</key>
			<string>Images.xcassets</string>
			<key>sourceTree</key>
			<string>&lt;group&gt;</string>
		</dict>
		<key>6E24E09B193AC70700543970</key>
		<dict>
			<key>fileRef</key>
			<string>6E24E09A193AC70700543970</string>
			<key>isa</key>
			<string>PBXBuildFile</string>
		</dict>
		<key>6E24E09C193AC70700543970</key>
		<dict>
			<key>buildActionMask</key>
			<string>2147483647</string>
			<key>files</key>
			<array>
				<string>6E24E0AE193AC70800543970</string>
			</array>
			<key>isa</key>
			<string>PBXSourcesBuildPhase</string>
			<key>runOnlyForDeploymentPostprocessing</key>
			<string>0</string>
		</dict>
		<key>6E24E09D193AC70700543970</key>
		<dict>
			<key>buildActionMask</key>
			<string>2147483647</string>
			<key>files</key>
			<array>
				<string>6E24E0A2193AC70700543970</string>
				<string>6E24E0A4193AC70700543970</string>
				<string>6E24E0A3193AC70700543970</string>
			</array>
			<key>isa</key>
			<string>PBXFrameworksBuildPhase</string>
			<key>runOnlyForDeploymentPostprocessing</key>
			<string>0</string>
		</dict>
		<key>6E24E09E193AC70700543970</key>
		<dict>
			<key>buildActionMask</key>
			<string>2147483647</string>
			<key>files</key>
			<array>
				<string>6E24E0AC193AC70800543970</string>
			</array>
			<key>isa</key>
			<string>PBXResourcesBuildPhase</string>
			<key>runOnlyForDeploymentPostprocessing</key>
			<string>0</string>
		</dict>
		<key>6E24E09F193AC70700543970</key>
		<dict>
			<key>buildConfigurationList</key>
			<string>6E24E0B4193AC70800543970</string>
			<key>buildPhases</key>
			<array>
				<string>6E24E09C193AC70700543970</string>
				<string>6E24E09D193AC70700543970</string>
				<string>6E24E09E193AC70700543970</string>
			</array>
			<key>buildRules</key>
			<array/>
			<key>dependencies</key>
			<array>
				<string>6E24E0A6193AC70700543970</string>
			</array>
			<key>isa</key>
			<string>PBXNativeTarget</string>
			<key>name</key>
			<string>Shopping ListTests</string>
			<key>productName</key>
			<string>Shopping ListTests</string>
			<key>productReference</key>
			<string>6E24E0A0193AC70700543970</string>
			<key>productType</key>
			<string>com.apple.product-type.bundle.unit-test</string>
		</dict>
		<key>6E24E0A0193AC70700543970</key>
		<dict>
			<key>explicitFileType</key>
			<string>wrapper.cfbundle</string>
			<key>includeInIndex</key>
			<string>0</string>
			<key>isa</key>
			<string>PBXFileReference</string>
			<key>path</key>
			<string>Shopping ListTests.xctest</string>
			<key>sourceTree</key>
			<string>BUILT_PRODUCTS_DIR</string>
		</dict>
		<key>6E24E0A1193AC70700543970</key>
		<dict>
			<key>isa</key>
			<string>PBXFileReference</string>
			<key>lastKnownFileType</key>
			<string>wrapper.framework</string>
			<key>name</key>
			<string>XCTest.framework</string>
			<key>path</key>
			<string>Library/Frameworks/XCTest.framework</string>
			<key>sourceTree</key>
			<string>DEVELOPER_DIR</string>
		</dict>
		<key>6E24E0A2193AC70700543970</key>
		<dict>
			<key>fileRef</key>
			<string>6E24E0A1193AC70700543970</string>
			<key>isa</key>
			<string>PBXBuildFile</string>
		</dict>
		<key>6E24E0A3193AC70700543970</key>
		<dict>
			<key>fileRef</key>
			<string>6E24E088193AC70700543970</string>
			<key>isa</key>
			<string>PBXBuildFile</string>
		</dict>
		<key>6E24E0A4193AC70700543970</key>
		<dict>
			<key>fileRef</key>
			<string>6E24E08C193AC70700543970</string>
			<key>isa</key>
			<string>PBXBuildFile</string>
		</dict>
		<key>6E24E0A5193AC70700543970</key>
		<dict>
			<key>containerPortal</key>
			<string>6E24E07D193AC70700543970</string>
			<key>isa</key>
			<string>PBXContainerItemProxy</string>
			<key>proxyType</key>
			<string>1</string>
			<key>remoteGlobalIDString</key>
			<string>6E24E084193AC70700543970</string>
			<key>remoteInfo</key>
			<string>Shopping List</string>
		</dict>
		<key>6E24E0A6193AC70700543970</key>
		<dict>
			<key>isa</key>
			<string>PBXTargetDependency</string>
			<key>target</key>
			<string>6E24E084193AC70700543970</string>
			<key>targetProxy</key>
			<string>6E24E0A5193AC70700543970</string>
		</dict>
		<key>6E24E0A7193AC70700543970</key>
		<dict>
			<key>children</key>
			<array>
				<string>6E24E0AD193AC70800543970</string>
				<string>6E24E0A8193AC70700543970</string>
			</array>
			<key>isa</key>
			<string>PBXGroup</string>
			<key>path</key>
			<string>Shopping ListTests</string>
			<key>sourceTree</key>
			<string>&lt;group&gt;</string>
		</dict>
		<key>6E24E0A8193AC70700543970</key>
		<dict>
			<key>children</key>
			<array>
				<string>6E24E0A9193AC70800543970</string>
				<string>6E24E0AA193AC70800543970</string>
			</array>
			<key>isa</key>
			<string>PBXGroup</string>
			<key>name</key>
			<string>Supporting Files</string>
			<key>sourceTree</key>
			<string>&lt;group&gt;</string>
		</dict>
		<key>6E24E0A9193AC70800543970</key>
		<dict>
			<key>isa</key>
			<string>PBXFileReference</string>
			<key>lastKnownFileType</key>
			<string>text.plist.xml</string>
			<key>path</key>
			<string>Shopping ListTests-Info.plist</string>
			<key>sourceTree</key>
			<string>&lt;group&gt;</string>
		</dict>
		<key>6E24E0AA193AC70800543970</key>
		<dict>
			<key>children</key>
			<array>
				<string>6E24E0AB193AC70800543970</string>
			</array>
			<key>isa</key>
			<string>PBXVariantGroup</string>
			<key>name</key>
			<string>InfoPlist.strings</string>
			<key>sourceTree</key>
			<string>&lt;group&gt;</string>
		</dict>
		<key>6E24E0AB193AC70800543970</key>
		<dict>
			<key>isa</key>
			<string>PBXFileReference</string>
			<key>lastKnownFileType</key>
			<string>text.plist.strings</string>
			<key>name</key>
			<string>en</string>
			<key>path</key>
			<string>en.lproj/InfoPlist.strings</string>
			<key>sourceTree</key>
			<string>&lt;group&gt;</string>
		</dict>
		<key>6E24E0AC193AC70800543970</key>
		<dict>
			<key>fileRef</key>
			<string>6E24E0AA193AC70800543970</string>
			<key>isa</key>
			<string>PBXBuildFile</string>
		</dict>
		<key>6E24E0AD193AC70800543970</key>
		<dict>
			<key>isa</key>
			<string>PBXFileReference</string>
			<key>lastKnownFileType</key>
			<string>sourcecode.c.objc</string>
			<key>path</key>
			<string>Shopping_ListTests.m</string>
			<key>sourceTree</key>
			<string>&lt;group&gt;</string>
		</dict>
		<key>6E24E0AE193AC70800543970</key>
		<dict>
			<key>fileRef</key>
			<string>6E24E0AD193AC70800543970</string>
			<key>isa</key>
			<string>PBXBuildFile</string>
		</dict>
		<key>6E24E0AF193AC70800543970</key>
		<dict>
			<key>buildSettings</key>
			<dict>
				<key>ALWAYS_SEARCH_USER_PATHS</key>
				<string>NO</string>
				<key>CLANG_CXX_LANGUAGE_STANDARD</key>
				<string>gnu++0x</string>
				<key>CLANG_CXX_LIBRARY</key>
				<string>libc++</string>
				<key>CLANG_ENABLE_MODULES</key>
				<string>YES</string>
				<key>CLANG_ENABLE_OBJC_ARC</key>
				<string>YES</string>
				<key>CLANG_WARN_BOOL_CONVERSION</key>
				<string>YES</string>
				<key>CLANG_WARN_CONSTANT_CONVERSION</key>
				<string>YES</string>
				<key>CLANG_WARN_DIRECT_OBJC_ISA_USAGE</key>
				<string>YES_ERROR</string>
				<key>CLANG_WARN_EMPTY_BODY</key>
				<string>YES</string>
				<key>CLANG_WARN_ENUM_CONVERSION</key>
				<string>YES</string>
				<key>CLANG_WARN_INT_CONVERSION</key>
				<string>YES</string>
				<key>CLANG_WARN_OBJC_ROOT_CLASS</key>
				<string>YES_ERROR</string>
				<key>CLANG_WARN__DUPLICATE_METHOD_MATCH</key>
				<string>YES</string>
				<key>CODE_SIGN_IDENTITY[sdk=iphoneos*]</key>
				<string>iPhone Developer</string>
				<key>COPY_PHASE_STRIP</key>
				<string>NO</string>
				<key>GCC_C_LANGUAGE_STANDARD</key>
				<string>gnu99</string>
				<key>GCC_DYNAMIC_NO_PIC</key>
				<string>NO</string>
				<key>GCC_OPTIMIZATION_LEVEL</key>
				<string>0</string>
				<key>GCC_PREPROCESSOR_DEFINITIONS</key>
				<array>
					<string>DEBUG=1</string>
					<string>$(inherited)</string>
				</array>
				<key>GCC_SYMBOLS_PRIVATE_EXTERN</key>
				<string>NO</string>
				<key>GCC_WARN_64_TO_32_BIT_CONVERSION</key>
				<string>YES</string>
				<key>GCC_WARN_ABOUT_RETURN_TYPE</key>
				<string>YES_ERROR</string>
				<key>GCC_WARN_UNDECLARED_SELECTOR</key>
				<string>YES</string>
				<key>GCC_WARN_UNINITIALIZED_AUTOS</key>
				<string>YES_AGGRESSIVE</string>
				<key>GCC_WARN_UNUSED_FUNCTION</key>
				<string>YES</string>
				<key>GCC_WARN_UNUSED_VARIABLE</key>
				<string>YES</string>
				<key>IPHONEOS_DEPLOYMENT_TARGET</key>
				<string>7.1</string>
				<key>ONLY_ACTIVE_ARCH</key>
				<string>YES</string>
				<key>SDKROOT</key>
				<string>iphoneos</string>
			</dict>
			<key>isa</key>
			<string>XCBuildConfiguration</string>
			<key>name</key>
			<string>Debug</string>
		</dict>
		<key>6E24E0B0193AC70800543970</key>
		<dict>
			<key>buildSettings</key>
			<dict>
				<key>ALWAYS_SEARCH_USER_PATHS</key>
				<string>NO</string>
				<key>CLANG_CXX_LANGUAGE_STANDARD</key>
				<string>gnu++0x</string>
				<key>CLANG_CXX_LIBRARY</key>
				<string>libc++</string>
				<key>CLANG_ENABLE_MODULES</key>
				<string>YES</string>
				<key>CLANG_ENABLE_OBJC_ARC</key>
				<string>YES</string>
				<key>CLANG_WARN_BOOL_CONVERSION</key>
				<string>YES</string>
				<key>CLANG_WARN_CONSTANT_CONVERSION</key>
				<string>YES</string>
				<key>CLANG_WARN_DIRECT_OBJC_ISA_USAGE</key>
				<string>YES_ERROR</string>
				<key>CLANG_WARN_EMPTY_BODY</key>
				<string>YES</string>
				<key>CLANG_WARN_ENUM_CONVERSION</key>
				<string>YES</string>
				<key>CLANG_WARN_INT_CONVERSION</key>
				<string>YES</string>
				<key>CLANG_WARN_OBJC_ROOT_CLASS</key>
				<string>YES_ERROR</string>
				<key>CLANG_WARN__DUPLICATE_METHOD_MATCH</key>
				<string>YES</string>
				<key>CODE_SIGN_IDENTITY[sdk=iphoneos*]</key>
				<string>iPhone Developer</string>
				<key>COPY_PHASE_STRIP</key>
				<string>YES</string>
				<key>ENABLE_NS_ASSERTIONS</key>
				<string>NO</string>
				<key>GCC_C_LANGUAGE_STANDARD</key>
				<string>gnu99</string>
				<key>GCC_WARN_64_TO_32_BIT_CONVERSION</key>
				<string>YES</string>
				<key>GCC_WARN_ABOUT_RETURN_TYPE</key>
				<string>YES_ERROR</string>
				<key>GCC_WARN_UNDECLARED_SELECTOR</key>
				<string>YES</string>
				<key>GCC_WARN_UNINITIALIZED_AUTOS</key>
				<string>YES_AGGRESSIVE</string>
				<key>GCC_WARN_UNUSED_FUNCTION</key>
				<string>YES</string>
				<key>GCC_WARN_UNUSED_VARIABLE</key>
				<string>YES</string>
				<key>IPHONEOS_DEPLOYMENT_TARGET</key>
				<string>7.1</string>
				<key>SDKROOT</key>
				<string>iphoneos</string>
				<key>VALIDATE_PRODUCT</key>
				<string>YES</string>
			</dict>
			<key>isa</key>
			<string>XCBuildConfiguration</string>
			<key>name</key>
			<string>Release</string>
		</dict>
		<key>6E24E0B1193AC70800543970</key>
		<dict>
			<key>buildConfigurations</key>
			<array>
				<string>6E24E0B2193AC70800543970</string>
				<string>6E24E0B3193AC70800543970</string>
			</array>
			<key>defaultConfigurationIsVisible</key>
			<string>0</string>
			<key>defaultConfigurationName</key>
			<string>Release</string>
			<key>isa</key>
			<string>XCConfigurationList</string>
		</dict>
		<key>6E24E0B2193AC70800543970</key>
		<dict>
			<key>baseConfigurationReference</key>
			<string>5291791FB10A4CA5AFA8C785</string>
			<key>buildSettings</key>
			<dict>
				<key>ASSETCATALOG_COMPILER_APPICON_NAME</key>
				<string>AppIcon</string>
				<key>ASSETCATALOG_COMPILER_LAUNCHIMAGE_NAME</key>
				<string>LaunchImage</string>
				<key>GCC_PRECOMPILE_PREFIX_HEADER</key>
				<string>YES</string>
				<key>GCC_PREFIX_HEADER</key>
				<string>Shopping List/Shopping List-Prefix.pch</string>
				<key>INFOPLIST_FILE</key>
				<string>Shopping List/Shopping List-Info.plist</string>
				<key>PRODUCT_NAME</key>
				<string>$(TARGET_NAME)</string>
				<key>WRAPPER_EXTENSION</key>
				<string>app</string>
			</dict>
			<key>isa</key>
			<string>XCBuildConfiguration</string>
			<key>name</key>
			<string>Debug</string>
		</dict>
		<key>6E24E0B3193AC70800543970</key>
		<dict>
			<key>baseConfigurationReference</key>
			<string>5291791FB10A4CA5AFA8C785</string>
			<key>buildSettings</key>
			<dict>
				<key>ASSETCATALOG_COMPILER_APPICON_NAME</key>
				<string>AppIcon</string>
				<key>ASSETCATALOG_COMPILER_LAUNCHIMAGE_NAME</key>
				<string>LaunchImage</string>
				<key>GCC_PRECOMPILE_PREFIX_HEADER</key>
				<string>YES</string>
				<key>GCC_PREFIX_HEADER</key>
				<string>Shopping List/Shopping List-Prefix.pch</string>
				<key>INFOPLIST_FILE</key>
				<string>Shopping List/Shopping List-Info.plist</string>
				<key>PRODUCT_NAME</key>
				<string>$(TARGET_NAME)</string>
				<key>WRAPPER_EXTENSION</key>
				<string>app</string>
			</dict>
			<key>isa</key>
			<string>XCBuildConfiguration</string>
			<key>name</key>
			<string>Release</string>
		</dict>
		<key>6E24E0B4193AC70800543970</key>
		<dict>
			<key>buildConfigurations</key>
			<array>
				<string>6E24E0B5193AC70800543970</string>
				<string>6E24E0B6193AC70800543970</string>
			</array>
			<key>defaultConfigurationIsVisible</key>
			<string>0</string>
			<key>defaultConfigurationName</key>
			<string>Release</string>
			<key>isa</key>
			<string>XCConfigurationList</string>
		</dict>
		<key>6E24E0B5193AC70800543970</key>
		<dict>
			<key>buildSettings</key>
			<dict>
				<key>BUNDLE_LOADER</key>
				<string>$(BUILT_PRODUCTS_DIR)/Shopping List.app/Shopping List</string>
				<key>FRAMEWORK_SEARCH_PATHS</key>
				<array>
					<string>$(SDKROOT)/Developer/Library/Frameworks</string>
					<string>$(inherited)</string>
					<string>$(DEVELOPER_FRAMEWORKS_DIR)</string>
				</array>
				<key>GCC_PRECOMPILE_PREFIX_HEADER</key>
				<string>YES</string>
				<key>GCC_PREFIX_HEADER</key>
				<string>Shopping List/Shopping List-Prefix.pch</string>
				<key>GCC_PREPROCESSOR_DEFINITIONS</key>
				<array>
					<string>DEBUG=1</string>
					<string>$(inherited)</string>
				</array>
				<key>INFOPLIST_FILE</key>
				<string>Shopping ListTests/Shopping ListTests-Info.plist</string>
				<key>PRODUCT_NAME</key>
				<string>$(TARGET_NAME)</string>
				<key>TEST_HOST</key>
				<string>$(BUNDLE_LOADER)</string>
				<key>WRAPPER_EXTENSION</key>
				<string>xctest</string>
			</dict>
			<key>isa</key>
			<string>XCBuildConfiguration</string>
			<key>name</key>
			<string>Debug</string>
		</dict>
		<key>6E24E0B6193AC70800543970</key>
		<dict>
			<key>buildSettings</key>
			<dict>
				<key>BUNDLE_LOADER</key>
				<string>$(BUILT_PRODUCTS_DIR)/Shopping List.app/Shopping List</string>
				<key>FRAMEWORK_SEARCH_PATHS</key>
				<array>
					<string>$(SDKROOT)/Developer/Library/Frameworks</string>
					<string>$(inherited)</string>
					<string>$(DEVELOPER_FRAMEWORKS_DIR)</string>
				</array>
				<key>GCC_PRECOMPILE_PREFIX_HEADER</key>
				<string>YES</string>
				<key>GCC_PREFIX_HEADER</key>
				<string>Shopping List/Shopping List-Prefix.pch</string>
				<key>INFOPLIST_FILE</key>
				<string>Shopping ListTests/Shopping ListTests-Info.plist</string>
				<key>PRODUCT_NAME</key>
				<string>$(TARGET_NAME)</string>
				<key>TEST_HOST</key>
				<string>$(BUNDLE_LOADER)</string>
				<key>WRAPPER_EXTENSION</key>
				<string>xctest</string>
			</dict>
			<key>isa</key>
			<string>XCBuildConfiguration</string>
			<key>name</key>
			<string>Release</string>
		</dict>
		<key>6E24E0BC193AC7CA00543970</key>
		<dict>
			<key>children</key>
			<array>
				<string>6E621FF51941BD3300C58695</string>
				<string>6E621FF61941BD3300C58695</string>
				<string>6E24E0BD193AC89900543970</string>
				<string>6E24E0BE193AC89900543970</string>
				<string>6EB70B8D1940927E00C3A7D7</string>
				<string>6EB70B8E1940927E00C3A7D7</string>
				<string>6EF57E42193C7028003E89DC</string>
				<string>6EF57E43193C7028003E89DC</string>
			</array>
			<key>isa</key>
			<string>PBXGroup</string>
			<key>name</key>
			<string>Controllers</string>
			<key>sourceTree</key>
			<string>&lt;group&gt;</string>
		</dict>
		<key>6E24E0BD193AC89900543970</key>
		<dict>
			<key>fileEncoding</key>
			<string>4</string>
			<key>isa</key>
			<string>PBXFileReference</string>
			<key>lastKnownFileType</key>
			<string>sourcecode.c.h</string>
			<key>path</key>
			<string>LYListViewController.h</string>
			<key>sourceTree</key>
			<string>&lt;group&gt;</string>
		</dict>
		<key>6E24E0BE193AC89900543970</key>
		<dict>
			<key>fileEncoding</key>
			<string>4</string>
			<key>isa</key>
			<string>PBXFileReference</string>
			<key>lastKnownFileType</key>
			<string>sourcecode.c.objc</string>
			<key>path</key>
			<string>LYListViewController.m</string>
			<key>sourceTree</key>
			<string>&lt;group&gt;</string>
		</dict>
		<key>6E24E0BF193AC89900543970</key>
		<dict>
			<key>fileRef</key>
			<string>6E24E0BE193AC89900543970</string>
			<key>isa</key>
			<string>PBXBuildFile</string>
		</dict>
		<key>6E24E0C0193ACC8700543970</key>
		<dict>
			<key>fileEncoding</key>
			<string>4</string>
			<key>isa</key>
			<string>PBXFileReference</string>
			<key>lastKnownFileType</key>
			<string>sourcecode.c.h</string>
			<key>path</key>
			<string>LYItem.h</string>
			<key>sourceTree</key>
			<string>&lt;group&gt;</string>
		</dict>
		<key>6E24E0C1193ACC8700543970</key>
		<dict>
			<key>fileEncoding</key>
			<string>4</string>
			<key>isa</key>
			<string>PBXFileReference</string>
			<key>lastKnownFileType</key>
			<string>sourcecode.c.objc</string>
			<key>path</key>
			<string>LYItem.m</string>
			<key>sourceTree</key>
			<string>&lt;group&gt;</string>
		</dict>
		<key>6E24E0C2193ACC8700543970</key>
		<dict>
			<key>fileRef</key>
			<string>6E24E0C1193ACC8700543970</string>
			<key>isa</key>
			<string>PBXBuildFile</string>
		</dict>
		<key>6E24E0C3193ACC8B00543970</key>
		<dict>
			<key>children</key>
			<array>
				<string>6E24E0C0193ACC8700543970</string>
				<string>6E24E0C1193ACC8700543970</string>
			</array>
			<key>isa</key>
			<string>PBXGroup</string>
			<key>name</key>
			<string>Models</string>
			<key>sourceTree</key>
			<string>&lt;group&gt;</string>
		</dict>
		<key>6E621FF51941BD3300C58695</key>
		<dict>
			<key>fileEncoding</key>
			<string>4</string>
			<key>isa</key>
			<string>PBXFileReference</string>
			<key>lastKnownFileType</key>
			<string>sourcecode.c.h</string>
			<key>path</key>
			<string>LYShoppingListViewController.h</string>
			<key>sourceTree</key>
			<string>&lt;group&gt;</string>
		</dict>
		<key>6E621FF61941BD3300C58695</key>
		<dict>
			<key>fileEncoding</key>
			<string>4</string>
			<key>isa</key>
			<string>PBXFileReference</string>
			<key>lastKnownFileType</key>
			<string>sourcecode.c.objc</string>
			<key>path</key>
			<string>LYShoppingListViewController.m</string>
			<key>sourceTree</key>
			<string>&lt;group&gt;</string>
		</dict>
		<key>6E621FF71941BD3300C58695</key>
		<dict>
			<key>fileEncoding</key>
			<string>4</string>
			<key>isa</key>
			<string>PBXFileReference</string>
			<key>lastKnownFileType</key>
			<string>file.storyboard</string>
			<key>path</key>
			<string>Main.storyboard</string>
			<key>sourceTree</key>
			<string>&lt;group&gt;</string>
		</dict>
		<key>6E621FF81941BD3300C58695</key>
		<dict>
			<key>fileRef</key>
			<string>6E621FF61941BD3300C58695</string>
			<key>isa</key>
			<string>PBXBuildFile</string>
		</dict>
		<key>6E621FF91941BD3300C58695</key>
		<dict>
			<key>fileRef</key>
			<string>6E621FF71941BD3300C58695</string>
			<key>isa</key>
			<string>PBXBuildFile</string>
		</dict>
		<key>6E642AAD193B83020055A293</key>
		<dict>
			<key>fileEncoding</key>
			<string>4</string>
			<key>isa</key>
			<string>PBXFileReference</string>
			<key>lastKnownFileType</key>
			<string>text.plist.xml</string>
			<key>path</key>
			<string>seed.plist</string>
			<key>sourceTree</key>
			<string>&lt;group&gt;</string>
		</dict>
		<key>6E642AAE193B83020055A293</key>
		<dict>
			<key>fileRef</key>
			<string>6E642AAD193B83020055A293</string>
			<key>isa</key>
			<string>PBXBuildFile</string>
		</dict>
		<key>6E8322B519430E14006730F8</key>
		<dict>
			<key>fileEncoding</key>
			<string>4</string>
			<key>isa</key>
			<string>PBXFileReference</string>
			<key>lastKnownFileType</key>
			<string>sourcecode.c.h</string>
			<key>path</key>
			<string>LYItemHelper.h</string>
			<key>sourceTree</key>
			<string>&lt;group&gt;</string>
		</dict>
		<key>6E8322B619430E14006730F8</key>
		<dict>
			<key>fileEncoding</key>
			<string>4</string>
			<key>isa</key>
			<string>PBXFileReference</string>
			<key>lastKnownFileType</key>
			<string>sourcecode.c.objc</string>
			<key>path</key>
			<string>LYItemHelper.m</string>
			<key>sourceTree</key>
			<string>&lt;group&gt;</string>
		</dict>
		<key>6E8322B719430E14006730F8</key>
		<dict>
			<key>fileRef</key>
			<string>6E8322B619430E14006730F8</string>
			<key>isa</key>
			<string>PBXBuildFile</string>
		</dict>
		<key>6E8322B819430E1E006730F8</key>
		<dict>
			<key>children</key>
			<array>
				<string>6E8322B519430E14006730F8</string>
				<string>6E8322B619430E14006730F8</string>
			</array>
			<key>isa</key>
			<string>PBXGroup</string>
			<key>name</key>
			<string>Helpers</string>
			<key>sourceTree</key>
			<string>&lt;group&gt;</string>
		</dict>
		<key>6EB70B8D1940927E00C3A7D7</key>
		<dict>
			<key>fileEncoding</key>
			<string>4</string>
			<key>isa</key>
			<string>PBXFileReference</string>
			<key>lastKnownFileType</key>
			<string>sourcecode.c.h</string>
			<key>path</key>
			<string>LYEditItemViewController.h</string>
			<key>sourceTree</key>
			<string>&lt;group&gt;</string>
		</dict>
		<key>6EB70B8E1940927E00C3A7D7</key>
		<dict>
			<key>fileEncoding</key>
			<string>4</string>
			<key>isa</key>
			<string>PBXFileReference</string>
			<key>lastKnownFileType</key>
			<string>sourcecode.c.objc</string>
			<key>path</key>
			<string>LYEditItemViewController.m</string>
			<key>sourceTree</key>
			<string>&lt;group&gt;</string>
		</dict>
		<key>6EB70B8F1940927E00C3A7D7</key>
		<dict>
			<key>fileRef</key>
			<string>6EB70B8E1940927E00C3A7D7</string>
			<key>isa</key>
			<string>PBXBuildFile</string>
		</dict>
		<key>6EB70B961941B9BF00C3A7D7</key>
		<dict>
			<key>isa</key>
			<string>PBXFileReference</string>
			<key>lastKnownFileType</key>
			<string>image.png</string>
			<key>path</key>
			<string>checkmark.png</string>
			<key>sourceTree</key>
			<string>&lt;group&gt;</string>
		</dict>
		<key>6EB70B971941B9BF00C3A7D7</key>
		<dict>
			<key>isa</key>
			<string>PBXFileReference</string>
			<key>lastKnownFileType</key>
			<string>image.png</string>
			<key>path</key>
			<string>checkmark@2x.png</string>
			<key>sourceTree</key>
			<string>&lt;group&gt;</string>
		</dict>
		<key>6EB70B981941B9BF00C3A7D7</key>
		<dict>
			<key>fileRef</key>
			<string>6EB70B961941B9BF00C3A7D7</string>
			<key>isa</key>
			<string>PBXBuildFile</string>
		</dict>
		<key>6EB70B991941B9BF00C3A7D7</key>
		<dict>
			<key>fileRef</key>
			<string>6EB70B971941B9BF00C3A7D7</string>
			<key>isa</key>
			<string>PBXBuildFile</string>
		</dict>
		<key>6EB70B9A1941B9C500C3A7D7</key>
		<dict>
			<key>children</key>
			<array>
				<string>6EB70B961941B9BF00C3A7D7</string>
				<string>6EB70B971941B9BF00C3A7D7</string>
			</array>
			<key>isa</key>
			<string>PBXGroup</string>
			<key>name</key>
			<string>images</string>
			<key>sourceTree</key>
			<string>&lt;group&gt;</string>
		</dict>
		<key>6EF57E42193C7028003E89DC</key>
		<dict>
			<key>fileEncoding</key>
			<string>4</string>
			<key>isa</key>
			<string>PBXFileReference</string>
			<key>lastKnownFileType</key>
			<string>sourcecode.c.h</string>
			<key>path</key>
			<string>LYAddItemViewController.h</string>
			<key>sourceTree</key>
			<string>&lt;group&gt;</string>
		</dict>
		<key>6EF57E43193C7028003E89DC</key>
		<dict>
			<key>fileEncoding</key>
			<string>4</string>
			<key>isa</key>
			<string>PBXFileReference</string>
			<key>lastKnownFileType</key>
			<string>sourcecode.c.objc</string>
			<key>path</key>
			<string>LYAddItemViewController.m</string>
			<key>sourceTree</key>
			<string>&lt;group&gt;</string>
		</dict>
		<key>6EF57E44193C7028003E89DC</key>
		<dict>
			<key>fileRef</key>
			<string>6EF57E43193C7028003E89DC</string>
			<key>isa</key>
			<string>PBXBuildFile</string>
		</dict>
		<key>901C049A14C7452DB3009FFA</key>
		<dict>
			<key>buildActionMask</key>
			<string>2147483647</string>
			<key>files</key>
			<array/>
			<key>inputPaths</key>
			<array/>
			<key>isa</key>
			<string>PBXShellScriptBuildPhase</string>
			<key>name</key>
			<string>Copy Pods Resources</string>
			<key>outputPaths</key>
			<array/>
			<key>runOnlyForDeploymentPostprocessing</key>
			<string>0</string>
			<key>shellPath</key>
			<string>/bin/sh</string>
			<key>shellScript</key>
			<string>"${SRCROOT}/Pods/Pods-resources.sh"
</string>
			<key>showEnvVarsInLog</key>
			<string>0</string>
		</dict>
		<key>E37A93F4E989408FA6B727ED</key>
		<dict>
			<key>buildActionMask</key>
			<string>2147483647</string>
			<key>files</key>
			<array/>
			<key>inputPaths</key>
			<array/>
			<key>isa</key>
			<string>PBXShellScriptBuildPhase</string>
			<key>name</key>
			<string>Check Pods Manifest.lock</string>
			<key>outputPaths</key>
			<array/>
			<key>runOnlyForDeploymentPostprocessing</key>
			<string>0</string>
			<key>shellPath</key>
			<string>/bin/sh</string>
			<key>shellScript</key>
			<string>diff "${PODS_ROOT}/../Podfile.lock" "${PODS_ROOT}/Manifest.lock" &gt; /dev/null
if [[ $? != 0 ]] ; then
    cat &lt;&lt; EOM
error: The sandbox is not in sync with the Podfile.lock. Run 'pod install' or update your CocoaPods installation.
EOM
    exit 1
fi
</string>
			<key>showEnvVarsInLog</key>
			<string>0</string>
		</dict>
	</dict>
	<key>rootObject</key>
	<string>6E24E07D193AC70700543970</string>
</dict>
</plist>
